
Microsoft Visual Studio Solution File, Format Version 12.00
# Visual Studio Express 2012 for Windows 8
Project("{FAE04EC0-301F-11D3-BF4B-00C04F79EFBC}") = "AlbumApp", "AlbumApp\AlbumApp.csproj", "{D073396D-E382-4CA5-A30C-6C57AC3D8DEF}"
EndProject
Global
	GlobalSection(SolutionConfigurationPlatforms) = preSolution
		Debug|Any CPU = Debug|Any CPU
		Debug|ARM = Debug|ARM
		Debug|x64 = Debug|x64
		Debug|x86 = Debug|x86
		Release|Any CPU = Release|Any CPU
		Release|ARM = Release|ARM
		Release|x64 = Release|x64
		Release|x86 = Release|x86
	EndGlobalSection
	GlobalSection(ProjectConfigurationPlatforms) = postSolution
		{D073396D-E382-4CA5-A30C-6C57AC3D8DEF}.Debug|Any CPU.ActiveCfg = Debug|Any CPU
		{D073396D-E382-4CA5-A30C-6C57AC3D8DEF}.Debug|Any CPU.Build.0 = Debug|Any CPU
		{D073396D-E382-4CA5-A30C-6C57AC3D8DEF}.Debug|Any CPU.Deploy.0 = Debug|Any CPU
		{D073396D-E382-4CA5-A30C-6C57AC3D8DEF}.Debug|ARM.ActiveCfg = Debug|ARM
		{D073396D-E382-4CA5-A30C-6C57AC3D8DEF}.Debug|ARM.Build.0 = Debug|ARM
		{D073396D-E382-4CA5-A30C-6C57AC3D8DEF}.Debug|ARM.Deploy.0 = Debug|ARM
		{D073396D-E382-4CA5-A30C-6C57AC3D8DEF}.Debug|x64.ActiveCfg = Debug|x64
		{D073396D-E382-4CA5-A30C-6C57AC3D8DEF}.Debug|x64.Build.0 = Debug|x64
		{D073396D-E382-4CA5-A30C-6C57AC3D8DEF}.Debug|x64.Deploy.0 = Debug|x64
		{D073396D-E382-4CA5-A30C-6C57AC3D8DEF}.Debug|x86.ActiveCfg = Debug|x86
		{D073396D-E382-4CA5-A30C-6C57AC3D8DEF}.Debug|x86.Build.0 = Debug|x86
		{D073396D-E382-4CA5-A30C-6C57AC3D8DEF}.Debug|x86.Deploy.0 = Debug|x86
		{D073396D-E382-4CA5-A30C-6C57AC3D8DEF}.Release|Any CPU.ActiveCfg = Release|Any CPU
		{D073396D-E382-4CA5-A30C-6C57AC3D8DEF}.Release|Any CPU.Build.0 = Release|Any CPU
		{D073396D-E382-4CA5-A30C-6C57AC3D8DEF}.Release|Any CPU.Deploy.0 = Release|Any CPU
		{D073396D-E382-4CA5-A30C-6C57AC3D8DEF}.Release|ARM.ActiveCfg = Release|ARM
		{D073396D-E382-4CA5-A30C-6C57AC3D8DEF}.Release|ARM.Build.0 = Release|ARM
		{D073396D-E382-4CA5-A30C-6C57AC3D8DEF}.Release|ARM.Deploy.0 = Release|ARM
		{D073396D-E382-4CA5-A30C-6C57AC3D8DEF}.Release|x64.ActiveCfg = Release|x64
		{D073396D-E382-4CA5-A30C-6C57AC3D8DEF}.Release|x64.Build.0 = Release|x64
		{D073396D-E382-4CA5-A30C-6C57AC3D8DEF}.Release|x64.Deploy.0 = Release|x64
		{D073396D-E382-4CA5-A30C-6C57AC3D8DEF}.Release|x86.ActiveCfg = Release|x86
		{D073396D-E382-4CA5-A30C-6C57AC3D8DEF}.Release|x86.Build.0 = Release|x86
		{D073396D-E382-4CA5-A30C-6C57AC3D8DEF}.Release|x86.Deploy.0 = Release|x86
	EndGlobalSection
	GlobalSection(SolutionProperties) = preSolution
		HideSolutionNode = FALSE
	EndGlobalSection
EndGlobal
